<?xml version="1.0" encoding="utf-8"?>
<Project ToolsVersion="4.0" xmlns="http://schemas.microsoft.com/developer/msbuild/2003">
  <ItemGroup>
    <Filter Include="Source Files">
      <UniqueIdentifier>{4FC737F1-C7A5-4376-A066-2A32D752A2FF}</UniqueIdentifier>
      <Extensions>cpp;c;cc;cxx;def;odl;idl;hpj;bat;asm;asmx</Extensions>
    </Filter>
    <Filter Include="Header Files">
      <UniqueIdentifier>{93995380-89BD-4b04-88EB-625FBE52EBFB}</UniqueIdentifier>
      <Extensions>h;hh;hpp;hxx;hm;inl;inc;ipp;xsd</Extensions>
    </Filter>
    <Filter Include="Resource Files">
      <UniqueIdentifier>{67DA6AB6-F800-4c08-8B7A-83BB121AAD01}</UniqueIdentifier>
      <Extensions>rc;ico;cur;bmp;dlg;rc2;rct;bin;rgs;gif;jpg;jpeg;jpe;resx;tiff;tif;png;wav;mfcribbon-ms</Extensions>
    </Filter>
    <Filter Include="doc">
      <UniqueIdentifier>{43ec081b-4b32-40d9-8265-54a8fbef0eca}</UniqueIdentifier>
    </Filter>
  </ItemGroup>
  <ItemGroup>
    <ClCompile Include="ntp_client.cpp">
      <Filter>Source Files</Filter>
    </ClCompile>
    <ClCompile Include="ntp_manager.cpp">
      <Filter>Source Files</Filter>
    </ClCompile>
    <ClCompile Include="manual_event.cpp">
      <Filter>Source Files</Filter>
    </ClCompile>
    <ClCompile Include="semaphore.cpp">
      <Filter>Source Files</Filter>
    </ClCompile>
    <ClCompile Include="ntp.cpp">
      <Filter>Source Files</Filter>
    </ClCompile>
    <ClCompile Include="ntp_server.cpp">
      <Filter>Source Files</Filter>
    </ClCompile>
    <ClCompile Include="pinger.cpp">
      <Filter>Source Files</Filter>
    </ClCompile>
    <ClCompile Include="sockets_helper.cpp">
      <Filter>Source Files</Filter>
    </ClCompile>
    <ClCompile Include="utils.cpp">
      <Filter>Source Files</Filter>
    </ClCompile>
  </ItemGroup>
  <ItemGroup>
    <ClInclude Include="ntp_client.h">
      <Filter>Header Files</Filter>
    </ClInclude>
    <ClInclude Include="include\intp_client.h">
      <Filter>Header Files</Filter>
    </ClInclude>
    <ClInclude Include="include\intp_manager.h">
      <Filter>Header Files</Filter>
    </ClInclude>
    <ClInclude Include="ntp_manager.h">
      <Filter>Header Files</Filter>
    </ClInclude>
    <ClInclude Include="manual_event.h">
      <Filter>Header Files</Filter>
    </ClInclude>
    <ClInclude Include="semaphore.h">
      <Filter>Header Files</Filter>
    </ClInclude>
    <ClInclude Include="ntp.h">
      <Filter>Header Files</Filter>
    </ClInclude>
    <ClInclude Include="include\intp.h">
      <Filter>Header Files</Filter>
    </ClInclude>
    <ClInclude Include="ntp_server.h">
      <Filter>Header Files</Filter>
    </ClInclude>
    <ClInclude Include="include\intp_server.h">
      <Filter>Header Files</Filter>
    </ClInclude>
    <ClInclude Include="utils.h">
      <Filter>Header Files</Filter>
    </ClInclude>
    <ClInclude Include="pinger.h">
      <Filter>Header Files</Filter>
    </ClInclude>
    <ClInclude Include="sockets_helper.h">
      <Filter>Header Files</Filter>
    </ClInclude>
  </ItemGroup>
  <ItemGroup>
    <None Include="doc\NTP-Client.pdf">
      <Filter>doc</Filter>
    </None>
    <None Include="doc\List of Top Public Time Servers.pdf">
      <Filter>doc</Filter>
    </None>
    <None Include="doc\rfc5905_NTPv4 Specification.pdf">
      <Filter>doc</Filter>
    </None>
    <None Include="doc\ntp4.pdf">
      <Filter>doc</Filter>
    </None>
    <None Include="doc\The NTP Era and Era Numbering.pdf">
      <Filter>doc</Filter>
    </None>
  </ItemGroup>
  <ItemGroup>
    <Text Include="doc\rfc2030.txt">
      <Filter>doc</Filter>
    </Text>
  </ItemGroup>
</Project>