<?xml version="1.0" encoding="utf-8"?>
<Project ToolsVersion="4.0" xmlns="http://schemas.microsoft.com/developer/msbuild/2003">
  <ItemGroup>
    <Filter Include="Source Files">
      <UniqueIdentifier>{4FC737F1-C7A5-4376-A066-2A32D752A2FF}</UniqueIdentifier>
      <Extensions>cpp;c;cc;cxx;c++;cppm;ixx;def;odl;idl;hpj;bat;asm;asmx</Extensions>
    </Filter>
    <Filter Include="Header Files">
      <UniqueIdentifier>{93995380-89BD-4b04-88EB-625FBE52EBFB}</UniqueIdentifier>
      <Extensions>h;hh;hpp;hxx;h++;hm;inl;inc;ipp;xsd</Extensions>
    </Filter>
    <Filter Include="Resource Files">
      <UniqueIdentifier>{67DA6AB6-F800-4c08-8B7A-83BB121AAD01}</UniqueIdentifier>
      <Extensions>rc;ico;cur;bmp;dlg;rc2;rct;bin;rgs;gif;jpg;jpeg;jpe;resx;tiff;tif;png;wav;mfcribbon-ms</Extensions>
    </Filter>
    <Filter Include="Header Files\Classes">
      <UniqueIdentifier>{05d86e4a-0daf-48ed-b8ef-721d5eab065c}</UniqueIdentifier>
    </Filter>
    <Filter Include="Header Files\Generic">
      <UniqueIdentifier>{71bf638f-c53e-4443-abfe-f8b66b19747d}</UniqueIdentifier>
    </Filter>
    <Filter Include="Header Files\Debugging">
      <UniqueIdentifier>{eadb03d2-ff5b-49a9-8505-2c3aa7b5af86}</UniqueIdentifier>
    </Filter>
    <Filter Include="Header Files\Strings">
      <UniqueIdentifier>{c28468d1-f5f9-4c2f-a200-9bf9d8bfaa60}</UniqueIdentifier>
    </Filter>
    <Filter Include="Header Files\Generic\GLUU">
      <UniqueIdentifier>{02f3a915-e810-471f-b500-a3c63c76f16b}</UniqueIdentifier>
    </Filter>
    <Filter Include="Header Files\Generic\GLUU\GLUU_widgets">
      <UniqueIdentifier>{a563f4e5-d15d-49d3-9d57-b3a091ae5bc1}</UniqueIdentifier>
    </Filter>
    <Filter Include="Header Files\Debugging\ConsoleRenderer">
      <UniqueIdentifier>{5655e238-feea-4bc5-94c1-f472d1053769}</UniqueIdentifier>
    </Filter>
    <Filter Include="Header Files\Classes\Input">
      <UniqueIdentifier>{980c189c-ccad-4dfd-82c4-7122ef302ee7}</UniqueIdentifier>
    </Filter>
    <Filter Include="Header Files\Classes\Files">
      <UniqueIdentifier>{904eadf9-8180-4cd1-8e44-cb3ab945f077}</UniqueIdentifier>
    </Filter>
    <Filter Include="Header Files\Classes\ECSX">
      <UniqueIdentifier>{c4e45bb1-1d80-4fd8-9a21-c2918fb62d1f}</UniqueIdentifier>
    </Filter>
    <Filter Include="Header Files\Generic\GLUU\GLUU_include">
      <UniqueIdentifier>{9e0a8b7d-4608-4916-a725-10fa2d741036}</UniqueIdentifier>
    </Filter>
    <Filter Include="ECSX">
      <UniqueIdentifier>{21e84352-a50a-4abe-b4b6-074a59a7cbb5}</UniqueIdentifier>
    </Filter>
    <Filter Include="Debug">
      <UniqueIdentifier>{d6cc6856-4f11-4be5-bf71-2fc4d0bfaf9b}</UniqueIdentifier>
    </Filter>
    <Filter Include="Generic">
      <UniqueIdentifier>{5b36155a-6d6e-4410-a4b8-5230e01fb5b6}</UniqueIdentifier>
    </Filter>
    <Filter Include="GLUU">
      <UniqueIdentifier>{c623d6ee-d582-488b-8a40-49535d5cef2d}</UniqueIdentifier>
    </Filter>
    <Filter Include="GLUU\Widgets">
      <UniqueIdentifier>{d80d488c-7b94-438c-ae0a-9a56b9546717}</UniqueIdentifier>
    </Filter>
    <Filter Include="GLUU\Defines">
      <UniqueIdentifier>{441cfe69-5f2b-4bd2-8b20-44bf96e03623}</UniqueIdentifier>
    </Filter>
    <Filter Include="GLUU\Parsers">
      <UniqueIdentifier>{a30f35dd-d94f-4dd3-beb0-4486ad89f54f}</UniqueIdentifier>
    </Filter>
    <Filter Include="Utility">
      <UniqueIdentifier>{14714b2c-e054-4b05-95f1-578ecef91a4d}</UniqueIdentifier>
    </Filter>
    <Filter Include="I/O">
      <UniqueIdentifier>{928f4b1b-908c-43d8-9d1d-cf1d72f34e91}</UniqueIdentifier>
    </Filter>
    <Filter Include="Data">
      <UniqueIdentifier>{c22d050c-bbe0-41ce-aba2-0c5d9ec90513}</UniqueIdentifier>
    </Filter>
    <Filter Include="I/O\Files">
      <UniqueIdentifier>{e131510b-a095-4057-8904-5ddbd48aab5a}</UniqueIdentifier>
    </Filter>
    <Filter Include="Utility\Strings">
      <UniqueIdentifier>{3f4627bd-8c4d-44c4-9144-189ae1b8384a}</UniqueIdentifier>
    </Filter>
  </ItemGroup>
  <ItemGroup>
    <ClInclude Include="framework.h">
      <Filter>Header Files</Filter>
    </ClInclude>
    <ClInclude Include="pch.h">
      <Filter>Header Files</Filter>
    </ClInclude>
    <ClInclude Include="NotConsoleRenderer.h">
      <Filter>Source Files</Filter>
    </ClInclude>
    <ClInclude Include="ECSX_Archetype.h">
      <Filter>ECSX</Filter>
    </ClInclude>
    <ClInclude Include="ECSX_ComponentX.h">
      <Filter>ECSX</Filter>
    </ClInclude>
    <ClInclude Include="ECSX_Manager.h">
      <Filter>ECSX</Filter>
    </ClInclude>
    <ClInclude Include="ECSX_typeid.h">
      <Filter>ECSX</Filter>
    </ClInclude>
    <ClInclude Include="AnimationX.h">
      <Filter>ECSX</Filter>
    </ClInclude>
    <ClInclude Include="ChunkFile.h">
      <Filter>I/O\Files</Filter>
    </ClInclude>
    <ClInclude Include="File.h">
      <Filter>I/O\Files</Filter>
    </ClInclude>
    <ClInclude Include="File_win.h">
      <Filter>I/O\Files</Filter>
    </ClInclude>
    <ClInclude Include="CommandDictionnary.h">
      <Filter>Debug</Filter>
    </ClInclude>
    <ClInclude Include="CommandPrompt.h">
      <Filter>Debug</Filter>
    </ClInclude>
    <ClInclude Include="CommandStandard.h">
      <Filter>Debug</Filter>
    </ClInclude>
    <ClInclude Include="ClassFactory.h">
      <Filter>Generic</Filter>
    </ClInclude>
    <ClInclude Include="Generics.h">
      <Filter>Generic</Filter>
    </ClInclude>
    <ClInclude Include="ContainerGenerics.h">
      <Filter>Generic</Filter>
    </ClInclude>
    <ClInclude Include="FunctionGenerics.h">
      <Filter>Generic</Filter>
    </ClInclude>
    <ClInclude Include="GLUU_button.h">
      <Filter>GLUU\Widgets</Filter>
    </ClInclude>
    <ClInclude Include="GLUU_checkbox.h">
      <Filter>GLUU\Widgets</Filter>
    </ClInclude>
    <ClInclude Include="GLUU_dropbox.h">
      <Filter>GLUU\Widgets</Filter>
    </ClInclude>
    <ClInclude Include="GLUU_slider.h">
      <Filter>GLUU\Widgets</Filter>
    </ClInclude>
    <ClInclude Include="GLUU_textbox.h">
      <Filter>GLUU\Widgets</Filter>
    </ClInclude>
    <ClInclude Include="GLUU_text.h">
      <Filter>GLUU\Widgets</Filter>
    </ClInclude>
    <ClInclude Include="GLUU_elem.h">
      <Filter>GLUU</Filter>
    </ClInclude>
    <ClInclude Include="GLUU_expr.h">
      <Filter>GLUU</Filter>
    </ClInclude>
    <ClInclude Include="GLUU_import.h">
      <Filter>GLUU\Defines</Filter>
    </ClInclude>
    <ClInclude Include="GLUU.h">
      <Filter>GLUU\Defines</Filter>
    </ClInclude>
    <ClInclude Include="GLUU_std.h">
      <Filter>GLUU\Defines</Filter>
    </ClInclude>
    <ClInclude Include="GLUU_wint.h">
      <Filter>GLUU\Widgets</Filter>
    </ClInclude>
    <ClInclude Include="GLUU_widgets.h">
      <Filter>GLUU\Widgets</Filter>
    </ClInclude>
    <ClInclude Include="GLUU_global.h">
      <Filter>GLUU\Defines</Filter>
    </ClInclude>
    <ClInclude Include="GLUU_exprParser.h">
      <Filter>GLUU\Parsers</Filter>
    </ClInclude>
    <ClInclude Include="GLUU_parser.h">
      <Filter>GLUU\Parsers</Filter>
    </ClInclude>
    <ClInclude Include="GLUU_lineParser.h">
      <Filter>GLUU\Parsers</Filter>
    </ClInclude>
    <ClInclude Include="GLUU_seqvar.h">
      <Filter>GLUU</Filter>
    </ClInclude>
    <ClInclude Include="GLUU_types.h">
      <Filter>GLUU</Filter>
    </ClInclude>
    <ClInclude Include="GLUU_styler.h">
      <Filter>GLUU</Filter>
    </ClInclude>
    <ClInclude Include="Fonts.h">
      <Filter>I/O</Filter>
    </ClInclude>
    <ClInclude Include="Sound.h">
      <Filter>I/O</Filter>
    </ClInclude>
    <ClInclude Include="Color.h">
      <Filter>Data</Filter>
    </ClInclude>
    <ClInclude Include="Rect.h">
      <Filter>Data</Filter>
    </ClInclude>
    <ClInclude Include="Input.h">
      <Filter>I/O</Filter>
    </ClInclude>
    <ClInclude Include="Networking.h">
      <Filter>I/O</Filter>
    </ClInclude>
    <ClInclude Include="ObjectGenerics.h">
      <Filter>Generic</Filter>
    </ClInclude>
    <ClInclude Include="Random.h">
      <Filter>Data</Filter>
    </ClInclude>
    <ClInclude Include="Singleton.h">
      <Filter>Utility</Filter>
    </ClInclude>
    <ClInclude Include="Stringify.h">
      <Filter>Utility\Strings</Filter>
    </ClInclude>
    <ClInclude Include="StringManip.h">
      <Filter>Utility\Strings</Filter>
    </ClInclude>
    <ClInclude Include="StringRanges.h">
      <Filter>Utility\Strings</Filter>
    </ClInclude>
    <ClInclude Include="QuickButton.h">
      <Filter>Utility</Filter>
    </ClInclude>
    <ClInclude Include="ThreadPool.h">
      <Filter>Utility</Filter>
    </ClInclude>
    <ClInclude Include="ConsoleRenderer.h">
      <Filter>Debug</Filter>
    </ClInclude>
    <ClInclude Include="Vec2D.h">
      <Filter>Data</Filter>
    </ClInclude>
    <ClInclude Include="Vec3D.h">
      <Filter>Data</Filter>
    </ClInclude>
    <ClInclude Include="Operators.h">
      <Filter>Utility</Filter>
    </ClInclude>
    <ClInclude Include="Controls.h">
      <Filter>I/O</Filter>
    </ClInclude>
    <ClInclude Include="Camera.h">
      <Filter>Utility</Filter>
    </ClInclude>
  </ItemGroup>
  <ItemGroup>
    <ClCompile Include="NotConsoleRendererLib.cpp">
      <Filter>Source Files</Filter>
    </ClCompile>
    <ClCompile Include="pch.cpp">
      <Filter>Source Files</Filter>
    </ClCompile>
    <ClCompile Include="ECSX_Manager.cpp">
      <Filter>ECSX</Filter>
    </ClCompile>
    <ClCompile Include="ECSX_System.h">
      <Filter>ECSX</Filter>
    </ClCompile>
    <ClCompile Include="ChunkFile.cpp">
      <Filter>I/O\Files</Filter>
    </ClCompile>
    <ClCompile Include="File.cpp">
      <Filter>I/O\Files</Filter>
    </ClCompile>
    <ClCompile Include="CommandPrompt.cpp">
      <Filter>Debug</Filter>
    </ClCompile>
    <ClCompile Include="GLUU_exprParser.cpp">
      <Filter>GLUU\Parsers</Filter>
    </ClCompile>
    <ClCompile Include="GLUU_parser.cpp">
      <Filter>GLUU\Parsers</Filter>
    </ClCompile>
    <ClCompile Include="GLUU_lineParser.cpp">
      <Filter>GLUU\Parsers</Filter>
    </ClCompile>
    <ClCompile Include="Sound.cpp">
      <Filter>I/O</Filter>
    </ClCompile>
    <ClCompile Include="Input.cpp">
      <Filter>I/O</Filter>
    </ClCompile>
    <ClCompile Include="Networking.cpp">
      <Filter>I/O</Filter>
    </ClCompile>
    <ClCompile Include="ThreadPool.cpp">
      <Filter>Utility</Filter>
    </ClCompile>
    <ClCompile Include="ConsoleRenderer.cpp">
      <Filter>Debug</Filter>
    </ClCompile>
    <ClCompile Include="Controls.cpp">
      <Filter>I/O</Filter>
    </ClCompile>
  </ItemGroup>
  <ItemGroup>
    <None Include="ECSX.h">
      <Filter>ECSX</Filter>
    </None>
  </ItemGroup>
</Project>