<?xml version="1.0" encoding="utf-8"?>
<Project ToolsVersion="4.0" xmlns="http://schemas.microsoft.com/developer/msbuild/2003">
  <ItemGroup>
    <Filter Include="Source Files">
      <UniqueIdentifier>{4FC737F1-C7A5-4376-A066-2A32D752A2FF}</UniqueIdentifier>
      <Extensions>cpp;c;cc;cxx;c++;cppm;ixx;def;odl;idl;hpj;bat;asm;asmx</Extensions>
    </Filter>
    <Filter Include="Header Files">
      <UniqueIdentifier>{93995380-89BD-4b04-88EB-625FBE52EBFB}</UniqueIdentifier>
      <Extensions>h;hh;hpp;hxx;h++;hm;inl;inc;ipp;xsd</Extensions>
    </Filter>
    <Filter Include="Resource Files">
      <UniqueIdentifier>{67DA6AB6-F800-4c08-8B7A-83BB121AAD01}</UniqueIdentifier>
      <Extensions>rc;ico;cur;bmp;dlg;rc2;rct;bin;rgs;gif;jpg;jpeg;jpe;resx;tiff;tif;png;wav;mfcribbon-ms</Extensions>
    </Filter>
    <Filter Include="Header Files\Classes">
      <UniqueIdentifier>{05d86e4a-0daf-48ed-b8ef-721d5eab065c}</UniqueIdentifier>
    </Filter>
    <Filter Include="Header Files\Generic">
      <UniqueIdentifier>{71bf638f-c53e-4443-abfe-f8b66b19747d}</UniqueIdentifier>
    </Filter>
    <Filter Include="Header Files\Debugging">
      <UniqueIdentifier>{eadb03d2-ff5b-49a9-8505-2c3aa7b5af86}</UniqueIdentifier>
    </Filter>
    <Filter Include="Source Files\ConsoleRenderer">
      <UniqueIdentifier>{5655e238-feea-4bc5-94c1-f472d1053769}</UniqueIdentifier>
    </Filter>
    <Filter Include="Header Files\Generic\Cstar">
      <UniqueIdentifier>{02f3a915-e810-471f-b500-a3c63c76f16b}</UniqueIdentifier>
    </Filter>
    <Filter Include="Header Files\Strings">
      <UniqueIdentifier>{c28468d1-f5f9-4c2f-a200-9bf9d8bfaa60}</UniqueIdentifier>
    </Filter>
  </ItemGroup>
  <ItemGroup>
    <ClInclude Include="framework.h">
      <Filter>Header Files</Filter>
    </ClInclude>
    <ClInclude Include="pch.h">
      <Filter>Header Files</Filter>
    </ClInclude>
    <ClInclude Include="TileRenderer.h">
      <Filter>Header Files</Filter>
    </ClInclude>
    <ClInclude Include="Color.h">
      <Filter>Header Files\Classes</Filter>
    </ClInclude>
    <ClInclude Include="Rect.h">
      <Filter>Header Files\Classes</Filter>
    </ClInclude>
    <ClInclude Include="Vec2D.h">
      <Filter>Header Files\Classes</Filter>
    </ClInclude>
    <ClInclude Include="Input.h">
      <Filter>Header Files\Classes</Filter>
    </ClInclude>
    <ClInclude Include="Sound.h">
      <Filter>Header Files\Classes</Filter>
    </ClInclude>
    <ClInclude Include="Random.h">
      <Filter>Header Files\Classes</Filter>
    </ClInclude>
    <ClInclude Include="Singleton.h">
      <Filter>Header Files\Classes</Filter>
    </ClInclude>
    <ClInclude Include="Vec3D.h">
      <Filter>Header Files\Classes</Filter>
    </ClInclude>
    <ClInclude Include="Fonts.h">
      <Filter>Header Files\Classes</Filter>
    </ClInclude>
    <ClInclude Include="File.h">
      <Filter>Header Files\Classes</Filter>
    </ClInclude>
    <ClInclude Include="Camera.h">
      <Filter>Header Files</Filter>
    </ClInclude>
    <ClInclude Include="ClassFactory.h">
      <Filter>Header Files\Generic</Filter>
    </ClInclude>
    <ClInclude Include="ThreadPool.h">
      <Filter>Header Files\Classes</Filter>
    </ClInclude>
    <ClInclude Include="CommandPrompt.h">
      <Filter>Header Files\Debugging</Filter>
    </ClInclude>
    <ClInclude Include="Generics.h">
      <Filter>Header Files\Generic</Filter>
    </ClInclude>
    <ClInclude Include="FunctionGenerics.h">
      <Filter>Header Files\Generic</Filter>
    </ClInclude>
    <ClInclude Include="ObjectGenerics.h">
      <Filter>Header Files\Generic</Filter>
    </ClInclude>
    <ClInclude Include="ContainerGenerics.h">
      <Filter>Header Files\Generic</Filter>
    </ClInclude>
    <ClInclude Include="CommandDictionnary.h">
      <Filter>Header Files\Debugging</Filter>
    </ClInclude>
    <ClInclude Include="ConsoleRenderer.h">
      <Filter>Source Files\ConsoleRenderer</Filter>
    </ClInclude>
    <ClInclude Include="CstarParser.h">
      <Filter>Header Files\Generic\Cstar</Filter>
    </ClInclude>
    <ClInclude Include="StringManip.h">
      <Filter>Header Files\Strings</Filter>
    </ClInclude>
    <ClInclude Include="Stringify.h">
      <Filter>Header Files\Strings</Filter>
    </ClInclude>
    <ClInclude Include="StringRanges.h">
      <Filter>Header Files\Strings</Filter>
    </ClInclude>
    <ClInclude Include="Controls.h">
      <Filter>Header Files\Classes</Filter>
    </ClInclude>
    <ClInclude Include="NetworkingX.h">
      <Filter>Header Files\Classes</Filter>
    </ClInclude>
    <ClInclude Include="Networking.h">
      <Filter>Header Files\Classes</Filter>
    </ClInclude>
  </ItemGroup>
  <ItemGroup>
    <ClCompile Include="TileRendererLib.cpp">
      <Filter>Source Files</Filter>
    </ClCompile>
    <ClCompile Include="pch.cpp">
      <Filter>Source Files</Filter>
    </ClCompile>
    <ClCompile Include="Input.cpp">
      <Filter>Header Files\Classes</Filter>
    </ClCompile>
    <ClCompile Include="Sound.cpp">
      <Filter>Header Files\Classes</Filter>
    </ClCompile>
    <ClCompile Include="EntityX.cpp">
      <Filter>Header Files\Classes</Filter>
    </ClCompile>
    <ClCompile Include="File.cpp">
      <Filter>Header Files\Classes</Filter>
    </ClCompile>
    <ClCompile Include="ThreadPool.cpp">
      <Filter>Header Files\Classes</Filter>
    </ClCompile>
    <ClCompile Include="CommandPrompt.cpp">
      <Filter>Header Files\Debugging</Filter>
    </ClCompile>
    <ClCompile Include="ConsoleRenderer.cpp">
      <Filter>Source Files\ConsoleRenderer</Filter>
    </ClCompile>
    <ClCompile Include="Controls.cpp">
      <Filter>Header Files\Classes</Filter>
    </ClCompile>
    <ClCompile Include="Networking.cpp">
      <Filter>Header Files\Classes</Filter>
    </ClCompile>
  </ItemGroup>
  <ItemGroup>
    <None Include="EntityX.h">
      <Filter>Header Files\Classes</Filter>
    </None>
  </ItemGroup>
</Project>